// !$*UTF8*$!
{
	archiveVersion = 1;
	classes = {
	};
	objectVersion = 56;
	objects = {

/* Begin PBXBuildFile section */
		145283982B8727C60085AE2F /* AppIntentWithShortcutProviderDemoApp.swift in Sources */ = {isa = PBXBuildFile; fileRef = 145283972B8727C60085AE2F /* AppIntentWithShortcutProviderDemoApp.swift */; };
		1452839A2B8727C60085AE2F /* ContentView.swift in Sources */ = {isa = PBXBuildFile; fileRef = 145283992B8727C60085AE2F /* ContentView.swift */; };
		1452839C2B8727C60085AE2F /* Item.swift in Sources */ = {isa = PBXBuildFile; fileRef = 1452839B2B8727C60085AE2F /* Item.swift */; };
		1452839E2B8727C70085AE2F /* Assets.xcassets in Resources */ = {isa = PBXBuildFile; fileRef = 1452839D2B8727C70085AE2F /* Assets.xcassets */; };
		145283A12B8727C70085AE2F /* Preview Assets.xcassets in Resources */ = {isa = PBXBuildFile; fileRef = 145283A02B8727C70085AE2F /* Preview Assets.xcassets */; };
		145283AB2B872D480085AE2F /* ItemDetailView.swift in Sources */ = {isa = PBXBuildFile; fileRef = 145283AA2B872D480085AE2F /* ItemDetailView.swift */; };
		145283AE2B872F6B0085AE2F /* MockDataGenerator.swift in Sources */ = {isa = PBXBuildFile; fileRef = 145283AD2B872F6B0085AE2F /* MockDataGenerator.swift */; };
		145283B22B8837A50085AE2F /* DataProvider.swift in Sources */ = {isa = PBXBuildFile; fileRef = 145283B12B8837A50085AE2F /* DataProvider.swift */; };
		145283B62B884D3F0085AE2F /* ItemStatus+AppEnum.swift in Sources */ = {isa = PBXBuildFile; fileRef = 145283B52B884D3F0085AE2F /* ItemStatus+AppEnum.swift */; };
		145283BC2B886BC80085AE2F /* ItemShortcutEntity.swift in Sources */ = {isa = PBXBuildFile; fileRef = 145283BB2B886BC80085AE2F /* ItemShortcutEntity.swift */; };
		145283BF2B8872CC0085AE2F /* AddItemIntent.swift in Sources */ = {isa = PBXBuildFile; fileRef = 145283BE2B8872CC0085AE2F /* AddItemIntent.swift */; };
		145283C12B8872DA0085AE2F /* ModifyItemIntent.swift in Sources */ = {isa = PBXBuildFile; fileRef = 145283C02B8872DA0085AE2F /* ModifyItemIntent.swift */; };
		145283C42B8C42AE0085AE2F /* ShortcutsProvider.swift in Sources */ = {isa = PBXBuildFile; fileRef = 145283C32B8C42AE0085AE2F /* ShortcutsProvider.swift */; };
/* End PBXBuildFile section */

/* Begin PBXFileReference section */
		145283942B8727C60085AE2F /* AppIntentWithShortcutProviderDemo.app */ = {isa = PBXFileReference; explicitFileType = wrapper.application; includeInIndex = 0; path = AppIntentWithShortcutProviderDemo.app; sourceTree = BUILT_PRODUCTS_DIR; };
		145283972B8727C60085AE2F /* AppIntentWithShortcutProviderDemoApp.swift */ = {isa = PBXFileReference; lastKnownFileType = sourcecode.swift; path = AppIntentWithShortcutProviderDemoApp.swift; sourceTree = "<group>"; };
		145283992B8727C60085AE2F /* ContentView.swift */ = {isa = PBXFileReference; lastKnownFileType = sourcecode.swift; path = ContentView.swift; sourceTree = "<group>"; };
		1452839B2B8727C60085AE2F /* Item.swift */ = {isa = PBXFileReference; lastKnownFileType = sourcecode.swift; path = Item.swift; sourceTree = "<group>"; };
		1452839D2B8727C70085AE2F /* Assets.xcassets */ = {isa = PBXFileReference; lastKnownFileType = folder.assetcatalog; path = Assets.xcassets; sourceTree = "<group>"; };
		145283A02B8727C70085AE2F /* Preview Assets.xcassets */ = {isa = PBXFileReference; lastKnownFileType = folder.assetcatalog; path = "Preview Assets.xcassets"; sourceTree = "<group>"; };
		145283AA2B872D480085AE2F /* ItemDetailView.swift */ = {isa = PBXFileReference; lastKnownFileType = sourcecode.swift; path = ItemDetailView.swift; sourceTree = "<group>"; };
		145283AD2B872F6B0085AE2F /* MockDataGenerator.swift */ = {isa = PBXFileReference; lastKnownFileType = sourcecode.swift; path = MockDataGenerator.swift; sourceTree = "<group>"; };
		145283B12B8837A50085AE2F /* DataProvider.swift */ = {isa = PBXFileReference; lastKnownFileType = sourcecode.swift; path = DataProvider.swift; sourceTree = "<group>"; };
		145283B52B884D3F0085AE2F /* ItemStatus+AppEnum.swift */ = {isa = PBXFileReference; fileEncoding = 4; lastKnownFileType = sourcecode.swift; path = "ItemStatus+AppEnum.swift"; sourceTree = "<group>"; };
		145283BB2B886BC80085AE2F /* ItemShortcutEntity.swift */ = {isa = PBXFileReference; lastKnownFileType = sourcecode.swift; path = ItemShortcutEntity.swift; sourceTree = "<group>"; };
		145283BE2B8872CC0085AE2F /* AddItemIntent.swift */ = {isa = PBXFileReference; lastKnownFileType = sourcecode.swift; path = AddItemIntent.swift; sourceTree = "<group>"; };
		145283C02B8872DA0085AE2F /* ModifyItemIntent.swift */ = {isa = PBXFileReference; lastKnownFileType = sourcecode.swift; path = ModifyItemIntent.swift; sourceTree = "<group>"; };
		145283C32B8C42AE0085AE2F /* ShortcutsProvider.swift */ = {isa = PBXFileReference; fileEncoding = 4; lastKnownFileType = sourcecode.swift; path = ShortcutsProvider.swift; sourceTree = "<group>"; };
/* End PBXFileReference section */

/* Begin PBXFrameworksBuildPhase section */
		145283912B8727C60085AE2F /* Frameworks */ = {
			isa = PBXFrameworksBuildPhase;
			buildActionMask = 2147483647;
			files = (
			);
			runOnlyForDeploymentPostprocessing = 0;
		};
/* End PBXFrameworksBuildPhase section */

/* Begin PBXGroup section */
		1452838B2B8727C60085AE2F = {
			isa = PBXGroup;
			children = (
				145283962B8727C60085AE2F /* AppIntentWithShortcutProviderDemo */,
				145283952B8727C60085AE2F /* Products */,
			);
			sourceTree = "<group>";
		};
		145283952B8727C60085AE2F /* Products */ = {
			isa = PBXGroup;
			children = (
				145283942B8727C60085AE2F /* AppIntentWithShortcutProviderDemo.app */,
			);
			name = Products;
			sourceTree = "<group>";
		};
		145283962B8727C60085AE2F /* AppIntentWithShortcutProviderDemo */ = {
			isa = PBXGroup;
			children = (
				145283A82B872C180085AE2F /* AppIntent */,
				145283B92B886A440085AE2F /* Shared */,
				145283AC2B872F600085AE2F /* Test */,
				145283A92B872C290085AE2F /* View */,
				145283972B8727C60085AE2F /* AppIntentWithShortcutProviderDemoApp.swift */,
				1452839D2B8727C70085AE2F /* Assets.xcassets */,
				1452839F2B8727C70085AE2F /* Preview Content */,
			);
			path = AppIntentWithShortcutProviderDemo;
			sourceTree = "<group>";
		};
		1452839F2B8727C70085AE2F /* Preview Content */ = {
			isa = PBXGroup;
			children = (
				145283A02B8727C70085AE2F /* Preview Assets.xcassets */,
			);
			path = "Preview Content";
			sourceTree = "<group>";
		};
		145283A72B872C0E0085AE2F /* Model */ = {
			isa = PBXGroup;
			children = (
				1452839B2B8727C60085AE2F /* Item.swift */,
				145283B52B884D3F0085AE2F /* ItemStatus+AppEnum.swift */,
				145283B12B8837A50085AE2F /* DataProvider.swift */,
			);
			path = Model;
			sourceTree = "<group>";
		};
		145283A82B872C180085AE2F /* AppIntent */ = {
			isa = PBXGroup;
			children = (
				145283C22B8C416A0085AE2F /* Provider */,
				145283BD2B88728C0085AE2F /* Action */,
				145283B42B884D330085AE2F /* Entity */,
			);
			path = AppIntent;
			sourceTree = "<group>";
		};
		145283A92B872C290085AE2F /* View */ = {
			isa = PBXGroup;
			children = (
				145283992B8727C60085AE2F /* ContentView.swift */,
				145283AA2B872D480085AE2F /* ItemDetailView.swift */,
			);
			path = View;
			sourceTree = "<group>";
		};
		145283AC2B872F600085AE2F /* Test */ = {
			isa = PBXGroup;
			children = (
				145283AD2B872F6B0085AE2F /* MockDataGenerator.swift */,
			);
			path = Test;
			sourceTree = "<group>";
		};
		145283B42B884D330085AE2F /* Entity */ = {
			isa = PBXGroup;
			children = (
				145283BB2B886BC80085AE2F /* ItemShortcutEntity.swift */,
			);
			path = Entity;
			sourceTree = "<group>";
		};
		145283B92B886A440085AE2F /* Shared */ = {
			isa = PBXGroup;
			children = (
				145283A72B872C0E0085AE2F /* Model */,
			);
			path = Shared;
			sourceTree = "<group>";
		};
		145283BD2B88728C0085AE2F /* Action */ = {
			isa = PBXGroup;
			children = (
				145283BE2B8872CC0085AE2F /* AddItemIntent.swift */,
				145283C02B8872DA0085AE2F /* ModifyItemIntent.swift */,
			);
			path = Action;
			sourceTree = "<group>";
		};
		145283C22B8C416A0085AE2F /* Provider */ = {
			isa = PBXGroup;
			children = (
				145283C32B8C42AE0085AE2F /* ShortcutsProvider.swift */,
			);
			path = Provider;
			sourceTree = "<group>";
		};
/* End PBXGroup section */

/* Begin PBXNativeTarget section */
		145283932B8727C60085AE2F /* AppIntentWithShortcutProviderDemo */ = {
			isa = PBXNativeTarget;
			buildConfigurationList = 145283A42B8727C70085AE2F /* Build configuration list for PBXNativeTarget "AppIntentWithShortcutProviderDemo" */;
			buildPhases = (
				145283902B8727C60085AE2F /* Sources */,
				145283912B8727C60085AE2F /* Frameworks */,
				145283922B8727C60085AE2F /* Resources */,
			);
			buildRules = (
			);
			dependencies = (
			);
			name = AppIntentWithShortcutProviderDemo;
			productName = AppIntentWithShortcutProviderDemo;
			productReference = 145283942B8727C60085AE2F /* AppIntentWithShortcutProviderDemo.app */;
			productType = "com.apple.product-type.application";
		};
/* End PBXNativeTarget section */

/* Begin PBXProject section */
		1452838C2B8727C60085AE2F /* Project object */ = {
			isa = PBXProject;
			attributes = {
				BuildIndependentTargetsInParallel = 1;
				LastSwiftUpdateCheck = 1500;
				LastUpgradeCheck = 1500;
				TargetAttributes = {
					145283932B8727C60085AE2F = {
						CreatedOnToolsVersion = 15.0.1;
					};
				};
			};
			buildConfigurationList = 1452838F2B8727C60085AE2F /* Build configuration list for PBXProject "AppIntentWithShortcutProviderDemo" */;
			compatibilityVersion = "Xcode 14.0";
			developmentRegion = en;
			hasScannedForEncodings = 0;
			knownRegions = (
				en,
				Base,
			);
			mainGroup = 1452838B2B8727C60085AE2F;
			productRefGroup = 145283952B8727C60085AE2F /* Products */;
			projectDirPath = "";
			projectRoot = "";
			targets = (
				145283932B8727C60085AE2F /* AppIntentWithShortcutProviderDemo */,
			);
		};
/* End PBXProject section */

/* Begin PBXResourcesBuildPhase section */
		145283922B8727C60085AE2F /* Resources */ = {
			isa = PBXResourcesBuildPhase;
			buildActionMask = 2147483647;
			files = (
				145283A12B8727C70085AE2F /* Preview Assets.xcassets in Resources */,
				1452839E2B8727C70085AE2F /* Assets.xcassets in Resources */,
			);
			runOnlyForDeploymentPostprocessing = 0;
		};
/* End PBXResourcesBuildPhase section */

/* Begin PBXSourcesBuildPhase section */
		145283902B8727C60085AE2F /* Sources */ = {
			isa = PBXSourcesBuildPhase;
			buildActionMask = 2147483647;
			files = (
				145283B62B884D3F0085AE2F /* ItemStatus+AppEnum.swift in Sources */,
				145283C12B8872DA0085AE2F /* ModifyItemIntent.swift in Sources */,
				145283AB2B872D480085AE2F /* ItemDetailView.swift in Sources */,
				145283B22B8837A50085AE2F /* DataProvider.swift in Sources */,
				1452839A2B8727C60085AE2F /* ContentView.swift in Sources */,
				145283BC2B886BC80085AE2F /* ItemShortcutEntity.swift in Sources */,
				145283AE2B872F6B0085AE2F /* MockDataGenerator.swift in Sources */,
				145283BF2B8872CC0085AE2F /* AddItemIntent.swift in Sources */,
				145283C42B8C42AE0085AE2F /* ShortcutsProvider.swift in Sources */,
				1452839C2B8727C60085AE2F /* Item.swift in Sources */,
				145283982B8727C60085AE2F /* AppIntentWithShortcutProviderDemoApp.swift in Sources */,
			);
			runOnlyForDeploymentPostprocessing = 0;
		};
/* End PBXSourcesBuildPhase section */

/* Begin XCBuildConfiguration section */
		145283A22B8727C70085AE2F /* Debug */ = {
			isa = XCBuildConfiguration;
			buildSettings = {
				ALWAYS_SEARCH_USER_PATHS = NO;
				ASSETCATALOG_COMPILER_GENERATE_SWIFT_ASSET_SYMBOL_EXTENSIONS = YES;
				CLANG_ANALYZER_NONNULL = YES;
				CLANG_ANALYZER_NUMBER_OBJECT_CONVERSION = YES_AGGRESSIVE;
				CLANG_CXX_LANGUAGE_STANDARD = "gnu++20";
				CLANG_ENABLE_MODULES = YES;
				CLANG_ENABLE_OBJC_ARC = YES;
				CLANG_ENABLE_OBJC_WEAK = YES;
				CLANG_WARN_BLOCK_CAPTURE_AUTORELEASING = YES;
				CLANG_WARN_BOOL_CONVERSION = YES;
				CLANG_WARN_COMMA = YES;
				CLANG_WARN_CONSTANT_CONVERSION = YES;
				CLANG_WARN_DEPRECATED_OBJC_IMPLEMENTATIONS = YES;
				CLANG_WARN_DIRECT_OBJC_ISA_USAGE = YES_ERROR;
				CLANG_WARN_DOCUMENTATION_COMMENTS = YES;
				CLANG_WARN_EMPTY_BODY = YES;
				CLANG_WARN_ENUM_CONVERSION = YES;
				CLANG_WARN_INFINITE_RECURSION = YES;
				CLANG_WARN_INT_CONVERSION = YES;
				CLANG_WARN_NON_LITERAL_NULL_CONVERSION = YES;
				CLANG_WARN_OBJC_IMPLICIT_RETAIN_SELF = YES;
				CLANG_WARN_OBJC_LITERAL_CONVERSION = YES;
				CLANG_WARN_OBJC_ROOT_CLASS = YES_ERROR;
				CLANG_WARN_QUOTED_INCLUDE_IN_FRAMEWORK_HEADER = YES;
				CLANG_WARN_RANGE_LOOP_ANALYSIS = YES;
				CLANG_WARN_STRICT_PROTOTYPES = YES;
				CLANG_WARN_SUSPICIOUS_MOVE = YES;
				CLANG_WARN_UNGUARDED_AVAILABILITY = YES_AGGRESSIVE;
				CLANG_WARN_UNREACHABLE_CODE = YES;
				CLANG_WARN__DUPLICATE_METHOD_MATCH = YES;
				COPY_PHASE_STRIP = NO;
				DEBUG_INFORMATION_FORMAT = dwarf;
				ENABLE_STRICT_OBJC_MSGSEND = YES;
				ENABLE_TESTABILITY = YES;
				ENABLE_USER_SCRIPT_SANDBOXING = YES;
				GCC_C_LANGUAGE_STANDARD = gnu17;
				GCC_DYNAMIC_NO_PIC = NO;
				GCC_NO_COMMON_BLOCKS = YES;
				GCC_OPTIMIZATION_LEVEL = 0;
				GCC_PREPROCESSOR_DEFINITIONS = (
					"DEBUG=1",
					"$(inherited)",
				);
				GCC_WARN_64_TO_32_BIT_CONVERSION = YES;
				GCC_WARN_ABOUT_RETURN_TYPE = YES_ERROR;
				GCC_WARN_UNDECLARED_SELECTOR = YES;
				GCC_WARN_UNINITIALIZED_AUTOS = YES_AGGRESSIVE;
				GCC_WARN_UNUSED_FUNCTION = YES;
				GCC_WARN_UNUSED_VARIABLE = YES;
				IPHONEOS_DEPLOYMENT_TARGET = 17.0;
				LOCALIZATION_PREFERS_STRING_CATALOGS = YES;
				MTL_ENABLE_DEBUG_INFO = INCLUDE_SOURCE;
				MTL_FAST_MATH = YES;
				ONLY_ACTIVE_ARCH = YES;
				SDKROOT = iphoneos;
				SWIFT_ACTIVE_COMPILATION_CONDITIONS = "DEBUG $(inherited)";
				SWIFT_OPTIMIZATION_LEVEL = "-Onone";
			};
			name = Debug;
		};
		145283A32B8727C70085AE2F /* Release */ = {
			isa = XCBuildConfiguration;
			buildSettings = {
				ALWAYS_SEARCH_USER_PATHS = NO;
				ASSETCATALOG_COMPILER_GENERATE_SWIFT_ASSET_SYMBOL_EXTENSIONS = YES;
				CLANG_ANALYZER_NONNULL = YES;
				CLANG_ANALYZER_NUMBER_OBJECT_CONVERSION = YES_AGGRESSIVE;
				CLANG_CXX_LANGUAGE_STANDARD = "gnu++20";
				CLANG_ENABLE_MODULES = YES;
				CLANG_ENABLE_OBJC_ARC = YES;
				CLANG_ENABLE_OBJC_WEAK = YES;
				CLANG_WARN_BLOCK_CAPTURE_AUTORELEASING = YES;
				CLANG_WARN_BOOL_CONVERSION = YES;
				CLANG_WARN_COMMA = YES;
				CLANG_WARN_CONSTANT_CONVERSION = YES;
				CLANG_WARN_DEPRECATED_OBJC_IMPLEMENTATIONS = YES;
				CLANG_WARN_DIRECT_OBJC_ISA_USAGE = YES_ERROR;
				CLANG_WARN_DOCUMENTATION_COMMENTS = YES;
				CLANG_WARN_EMPTY_BODY = YES;
				CLANG_WARN_ENUM_CONVERSION = YES;
				CLANG_WARN_INFINITE_RECURSION = YES;
				CLANG_WARN_INT_CONVERSION = YES;
				CLANG_WARN_NON_LITERAL_NULL_CONVERSION = YES;
				CLANG_WARN_OBJC_IMPLICIT_RETAIN_SELF = YES;
				CLANG_WARN_OBJC_LITERAL_CONVERSION = YES;
				CLANG_WARN_OBJC_ROOT_CLASS = YES_ERROR;
				CLANG_WARN_QUOTED_INCLUDE_IN_FRAMEWORK_HEADER = YES;
				CLANG_WARN_RANGE_LOOP_ANALYSIS = YES;
				CLANG_WARN_STRICT_PROTOTYPES = YES;
				CLANG_WARN_SUSPICIOUS_MOVE = YES;
				CLANG_WARN_UNGUARDED_AVAILABILITY = YES_AGGRESSIVE;
				CLANG_WARN_UNREACHABLE_CODE = YES;
				CLANG_WARN__DUPLICATE_METHOD_MATCH = YES;
				COPY_PHASE_STRIP = NO;
				DEBUG_INFORMATION_FORMAT = "dwarf-with-dsym";
				ENABLE_NS_ASSERTIONS = NO;
				ENABLE_STRICT_OBJC_MSGSEND = YES;
				ENABLE_USER_SCRIPT_SANDBOXING = YES;
				GCC_C_LANGUAGE_STANDARD = gnu17;
				GCC_NO_COMMON_BLOCKS = YES;
				GCC_WARN_64_TO_32_BIT_CONVERSION = YES;
				GCC_WARN_ABOUT_RETURN_TYPE = YES_ERROR;
				GCC_WARN_UNDECLARED_SELECTOR = YES;
				GCC_WARN_UNINITIALIZED_AUTOS = YES_AGGRESSIVE;
				GCC_WARN_UNUSED_FUNCTION = YES;
				GCC_WARN_UNUSED_VARIABLE = YES;
				IPHONEOS_DEPLOYMENT_TARGET = 17.0;
				LOCALIZATION_PREFERS_STRING_CATALOGS = YES;
				MTL_ENABLE_DEBUG_INFO = NO;
				MTL_FAST_MATH = YES;
				SDKROOT = iphoneos;
				SWIFT_COMPILATION_MODE = wholemodule;
				VALIDATE_PRODUCT = YES;
			};
			name = Release;
		};
		145283A52B8727C70085AE2F /* Debug */ = {
			isa = XCBuildConfiguration;
			buildSettings = {
				ASSETCATALOG_COMPILER_APPICON_NAME = AppIcon;
				ASSETCATALOG_COMPILER_GLOBAL_ACCENT_COLOR_NAME = AccentColor;
				CODE_SIGN_STYLE = Automatic;
				CURRENT_PROJECT_VERSION = 1;
				DEVELOPMENT_ASSET_PATHS = "\"AppIntentWithShortcutProviderDemo/Preview Content\"";
				DEVELOPMENT_TEAM = 5VA65MHU77;
				ENABLE_PREVIEWS = YES;
				GENERATE_INFOPLIST_FILE = YES;
				INFOPLIST_KEY_UIApplicationSceneManifest_Generation = YES;
				INFOPLIST_KEY_UIApplicationSupportsIndirectInputEvents = YES;
				INFOPLIST_KEY_UILaunchScreen_Generation = YES;
				INFOPLIST_KEY_UISupportedInterfaceOrientations_iPad = "UIInterfaceOrientationPortrait UIInterfaceOrientationPortraitUpsideDown UIInterfaceOrientationLandscapeLeft UIInterfaceOrientationLandscapeRight";
				INFOPLIST_KEY_UISupportedInterfaceOrientations_iPhone = "UIInterfaceOrientationPortrait UIInterfaceOrientationLandscapeLeft UIInterfaceOrientationLandscapeRight";
				IPHONEOS_DEPLOYMENT_TARGET = 17.0;
				LD_RUNPATH_SEARCH_PATHS = (
					"$(inherited)",
					"@executable_path/Frameworks",
				);
				MARKETING_VERSION = 1.0;
				PRODUCT_BUNDLE_IDENTIFIER = tw.com.bk.AppIntentWithShortcutProviderDemo;
				PRODUCT_NAME = "$(TARGET_NAME)";
				SWIFT_EMIT_LOC_STRINGS = YES;
				SWIFT_VERSION = 5.0;
				TARGETED_DEVICE_FAMILY = "1,2";
			};
			name = Debug;
		};
		145283A62B8727C70085AE2F /* Release */ = {
			isa = XCBuildConfiguration;
			buildSettings = {
				ASSETCATALOG_COMPILER_APPICON_NAME = AppIcon;
				ASSETCATALOG_COMPILER_GLOBAL_ACCENT_COLOR_NAME = AccentColor;
				CODE_SIGN_STYLE = Automatic;
				CURRENT_PROJECT_VERSION = 1;
				DEVELOPMENT_ASSET_PATHS = "\"AppIntentWithShortcutProviderDemo/Preview Content\"";
				DEVELOPMENT_TEAM = 5VA65MHU77;
				ENABLE_PREVIEWS = YES;
				GENERATE_INFOPLIST_FILE = YES;
				INFOPLIST_KEY_UIApplicationSceneManifest_Generation = YES;
				INFOPLIST_KEY_UIApplicationSupportsIndirectInputEvents = YES;
				INFOPLIST_KEY_UILaunchScreen_Generation = YES;
				INFOPLIST_KEY_UISupportedInterfaceOrientations_iPad = "UIInterfaceOrientationPortrait UIInterfaceOrientationPortraitUpsideDown UIInterfaceOrientationLandscapeLeft UIInterfaceOrientationLandscapeRight";
				INFOPLIST_KEY_UISupportedInterfaceOrientations_iPhone = "UIInterfaceOrientationPortrait UIInterfaceOrientationLandscapeLeft UIInterfaceOrientationLandscapeRight";
				IPHONEOS_DEPLOYMENT_TARGET = 17.0;
				LD_RUNPATH_SEARCH_PATHS = (
					"$(inherited)",
					"@executable_path/Frameworks",
				);
				MARKETING_VERSION = 1.0;
				PRODUCT_BUNDLE_IDENTIFIER = tw.com.bk.AppIntentWithShortcutProviderDemo;
				PRODUCT_NAME = "$(TARGET_NAME)";
				SWIFT_EMIT_LOC_STRINGS = YES;
				SWIFT_VERSION = 5.0;
				TARGETED_DEVICE_FAMILY = "1,2";
			};
			name = Release;
		};
/* End XCBuildConfiguration section */

/* Begin XCConfigurationList section */
		1452838F2B8727C60085AE2F /* Build configuration list for PBXProject "AppIntentWithShortcutProviderDemo" */ = {
			isa = XCConfigurationList;
			buildConfigurations = (
				145283A22B8727C70085AE2F /* Debug */,
				145283A32B8727C70085AE2F /* Release */,
			);
			defaultConfigurationIsVisible = 0;
			defaultConfigurationName = Release;
		};
		145283A42B8727C70085AE2F /* Build configuration list for PBXNativeTarget "AppIntentWithShortcutProviderDemo" */ = {
			isa = XCConfigurationList;
			buildConfigurations = (
				145283A52B8727C70085AE2F /* Debug */,
				145283A62B8727C70085AE2F /* Release */,
			);
			defaultConfigurationIsVisible = 0;
			defaultConfigurationName = Release;
		};
/* End XCConfigurationList section */
	};
	rootObject = 1452838C2B8727C60085AE2F /* Project object */;
}
